// !$*UTF8*$!
{
	archiveVersion = 1;
	classes = {
	};
	objectVersion = 77;
	objects = {

/* Begin PBXBuildFile section */
		1C60D3802D9D644300450AA7 /* CareKit.framework in Frameworks */ = {isa = PBXBuildFile; fileRef = 1C60D3612D9D633C00450AA7 /* CareKit.framework */; };
		1C60D3812D9D644300450AA7 /* CareKit.framework in Embed Frameworks */ = {isa = PBXBuildFile; fileRef = 1C60D3612D9D633C00450AA7 /* CareKit.framework */; settings = {ATTRIBUTES = (CodeSignOnCopy, RemoveHeadersOnCopy, ); }; };
		1C60D3822D9D644300450AA7 /* CareKitFHIR.framework in Frameworks */ = {isa = PBXBuildFile; fileRef = 1C60D36A2D9D635000450AA7 /* CareKitFHIR.framework */; };
		1C60D3832D9D644300450AA7 /* CareKitFHIR.framework in Embed Frameworks */ = {isa = PBXBuildFile; fileRef = 1C60D36A2D9D635000450AA7 /* CareKitFHIR.framework */; settings = {ATTRIBUTES = (CodeSignOnCopy, RemoveHeadersOnCopy, ); }; };
		1C60D3842D9D644300450AA7 /* CareKitStore.framework in Frameworks */ = {isa = PBXBuildFile; fileRef = 1C60D3732D9D636800450AA7 /* CareKitStore.framework */; };
		1C60D3852D9D644300450AA7 /* CareKitStore.framework in Embed Frameworks */ = {isa = PBXBuildFile; fileRef = 1C60D3732D9D636800450AA7 /* CareKitStore.framework */; settings = {ATTRIBUTES = (CodeSignOnCopy, RemoveHeadersOnCopy, ); }; };
		1C60D3862D9D644300450AA7 /* CareKitUI.framework in Frameworks */ = {isa = PBXBuildFile; fileRef = 1C60D37C2D9D638000450AA7 /* CareKitUI.framework */; };
		1C60D3872D9D644300450AA7 /* CareKitUI.framework in Embed Frameworks */ = {isa = PBXBuildFile; fileRef = 1C60D37C2D9D638000450AA7 /* CareKitUI.framework */; settings = {ATTRIBUTES = (CodeSignOnCopy, RemoveHeadersOnCopy, ); }; };
		1C60D3F62D9D76DD00450AA7 /* ResearchKit.framework in Frameworks */ = {isa = PBXBuildFile; fileRef = 1C60D3EB2D9D6B0800450AA7 /* ResearchKit.framework */; };
		1C60D3F72D9D76DD00450AA7 /* ResearchKit.framework in Embed Frameworks */ = {isa = PBXBuildFile; fileRef = 1C60D3EB2D9D6B0800450AA7 /* ResearchKit.framework */; settings = {ATTRIBUTES = (CodeSignOnCopy, RemoveHeadersOnCopy, ); }; };
		1C60D3F82D9D76DD00450AA7 /* ResearchKitActiveTask.framework in Frameworks */ = {isa = PBXBuildFile; fileRef = 1C60D3F12D9D6B0800450AA7 /* ResearchKitActiveTask.framework */; };
		1C60D3F92D9D76DD00450AA7 /* ResearchKitActiveTask.framework in Embed Frameworks */ = {isa = PBXBuildFile; fileRef = 1C60D3F12D9D6B0800450AA7 /* ResearchKitActiveTask.framework */; settings = {ATTRIBUTES = (CodeSignOnCopy, RemoveHeadersOnCopy, ); }; };
		1C60D3FA2D9D76DD00450AA7 /* ResearchKitUI.framework in Frameworks */ = {isa = PBXBuildFile; fileRef = 1C60D3EF2D9D6B0800450AA7 /* ResearchKitUI.framework */; };
		1C60D3FB2D9D76DD00450AA7 /* ResearchKitUI.framework in Embed Frameworks */ = {isa = PBXBuildFile; fileRef = 1C60D3EF2D9D6B0800450AA7 /* ResearchKitUI.framework */; settings = {ATTRIBUTES = (CodeSignOnCopy, RemoveHeadersOnCopy, ); }; };
		F300CD790DE3C46806B47929 /* Pods_IDM_Research.framework in Frameworks */ = {isa = PBXBuildFile; fileRef = 262C6B0E21C11A5D90377184 /* Pods_IDM_Research.framework */; };
/* End PBXBuildFile section */

/* Begin PBXContainerItemProxy section */
		1C60D3602D9D633C00450AA7 /* PBXContainerItemProxy */ = {
			isa = PBXContainerItemProxy;
			containerPortal = 1C60D35B2D9D633C00450AA7 /* CareKit.xcodeproj */;
			proxyType = 2;
			remoteGlobalIDString = 8605A5BA1C4F04EC00DD65FF;
			remoteInfo = CareKit;
		};
		1C60D3692D9D635000450AA7 /* PBXContainerItemProxy */ = {
			isa = PBXContainerItemProxy;
			containerPortal = 1C60D3642D9D634F00450AA7 /* CareKitFHIR.xcodeproj */;
			proxyType = 2;
			remoteGlobalIDString = 0396EF36233D187800C28FC0;
			remoteInfo = CareKitFHIR;
		};
		1C60D3722D9D636800450AA7 /* PBXContainerItemProxy */ = {
			isa = PBXContainerItemProxy;
			containerPortal = 1C60D36D2D9D636800450AA7 /* CareKitStore.xcodeproj */;
			proxyType = 2;
			remoteGlobalIDString = E784B8F82232EED600736CA5;
			remoteInfo = CareKitStore;
		};
		1C60D37B2D9D638000450AA7 /* PBXContainerItemProxy */ = {
			isa = PBXContainerItemProxy;
			containerPortal = 1C60D3762D9D638000450AA7 /* CareKitUI.xcodeproj */;
			proxyType = 2;
			remoteGlobalIDString = 5174225B224185290054E97C;
			remoteInfo = CareKitUI;
		};
		1C60D3EA2D9D6B0800450AA7 /* PBXContainerItemProxy */ = {
			isa = PBXContainerItemProxy;
			containerPortal = 1C60D3892D9D655B00450AA7 /* ResearchKit.xcodeproj */;
			proxyType = 2;
			remoteGlobalIDString = B183A5951A8535D100C76870;
			remoteInfo = ResearchKit;
		};
		1C60D3EE2D9D6B0800450AA7 /* PBXContainerItemProxy */ = {
			isa = PBXContainerItemProxy;
			containerPortal = 1C60D3892D9D655B00450AA7 /* ResearchKit.xcodeproj */;
			proxyType = 2;
			remoteGlobalIDString = CA1C7A5A288B0C68004DAB3A;
			remoteInfo = ResearchKitUI;
		};
		1C60D3F02D9D6B0800450AA7 /* PBXContainerItemProxy */ = {
			isa = PBXContainerItemProxy;
			containerPortal = 1C60D3892D9D655B00450AA7 /* ResearchKit.xcodeproj */;
			proxyType = 2;
			remoteGlobalIDString = CAD08967289DD747007B2A98;
			remoteInfo = ResearchKitActiveTask;
		};
/* End PBXContainerItemProxy section */

/* Begin PBXCopyFilesBuildPhase section */
		1C60D3882D9D644300450AA7 /* Embed Frameworks */ = {
			isa = PBXCopyFilesBuildPhase;
			buildActionMask = 2147483647;
			dstPath = "";
			dstSubfolderSpec = 10;
			files = (
				1C60D3872D9D644300450AA7 /* CareKitUI.framework in Embed Frameworks */,
				1C60D3F92D9D76DD00450AA7 /* ResearchKitActiveTask.framework in Embed Frameworks */,
				1C60D3852D9D644300450AA7 /* CareKitStore.framework in Embed Frameworks */,
				1C60D3812D9D644300450AA7 /* CareKit.framework in Embed Frameworks */,
				1C60D3FB2D9D76DD00450AA7 /* ResearchKitUI.framework in Embed Frameworks */,
				1C60D3832D9D644300450AA7 /* CareKitFHIR.framework in Embed Frameworks */,
				1C60D3F72D9D76DD00450AA7 /* ResearchKit.framework in Embed Frameworks */,
			);
			name = "Embed Frameworks";
			runOnlyForDeploymentPostprocessing = 0;
		};
/* End PBXCopyFilesBuildPhase section */

/* Begin PBXFileReference section */
		1C60D34A2D9D627A00450AA7 /* IDM Research.app */ = {isa = PBXFileReference; explicitFileType = wrapper.application; includeInIndex = 0; path = "IDM Research.app"; sourceTree = BUILT_PRODUCTS_DIR; };
		1C60D35B2D9D633C00450AA7 /* CareKit.xcodeproj */ = {isa = PBXFileReference; lastKnownFileType = "wrapper.pb-project"; name = CareKit.xcodeproj; path = "CareKit-main/CareKit/CareKit.xcodeproj"; sourceTree = "<group>"; };
		1C60D3642D9D634F00450AA7 /* CareKitFHIR.xcodeproj */ = {isa = PBXFileReference; lastKnownFileType = "wrapper.pb-project"; name = CareKitFHIR.xcodeproj; path = "CareKit-main/CareKitFHIR/CareKitFHIR.xcodeproj"; sourceTree = "<group>"; };
		1C60D36D2D9D636800450AA7 /* CareKitStore.xcodeproj */ = {isa = PBXFileReference; lastKnownFileType = "wrapper.pb-project"; name = CareKitStore.xcodeproj; path = "CareKit-main/CareKitStore/CareKitStore.xcodeproj"; sourceTree = "<group>"; };
		1C60D3762D9D638000450AA7 /* CareKitUI.xcodeproj */ = {isa = PBXFileReference; lastKnownFileType = "wrapper.pb-project"; name = CareKitUI.xcodeproj; path = "CareKit-main/CareKitUI/CareKitUI.xcodeproj"; sourceTree = "<group>"; };
		1C60D3892D9D655B00450AA7 /* ResearchKit.xcodeproj */ = {isa = PBXFileReference; lastKnownFileType = "wrapper.pb-project"; name = ResearchKit.xcodeproj; path = "ResearchKit-stable/ResearchKit.xcodeproj"; sourceTree = "<group>"; };
		262C6B0E21C11A5D90377184 /* Pods_IDM_Research.framework */ = {isa = PBXFileReference; explicitFileType = wrapper.framework; includeInIndex = 0; path = Pods_IDM_Research.framework; sourceTree = BUILT_PRODUCTS_DIR; };
		269423D3CD1A7B06E8861308 /* Pods-IDM Research.release.xcconfig */ = {isa = PBXFileReference; includeInIndex = 1; lastKnownFileType = text.xcconfig; name = "Pods-IDM Research.release.xcconfig"; path = "Target Support Files/Pods-IDM Research/Pods-IDM Research.release.xcconfig"; sourceTree = "<group>"; };
		C7035C01C992CECF2FAF23F9 /* Pods-IDM Research.debug.xcconfig */ = {isa = PBXFileReference; includeInIndex = 1; lastKnownFileType = text.xcconfig; name = "Pods-IDM Research.debug.xcconfig"; path = "Target Support Files/Pods-IDM Research/Pods-IDM Research.debug.xcconfig"; sourceTree = "<group>"; };
/* End PBXFileReference section */

/* Begin PBXFileSystemSynchronizedRootGroup section */
		1C60D34C2D9D627A00450AA7 /* IDM Research */ = {
			isa = PBXFileSystemSynchronizedRootGroup;
			path = "IDM Research";
			sourceTree = "<group>";
		};
/* End PBXFileSystemSynchronizedRootGroup section */

/* Begin PBXFrameworksBuildPhase section */
		1C60D3472D9D627A00450AA7 /* Frameworks */ = {
			isa = PBXFrameworksBuildPhase;
			buildActionMask = 2147483647;
			files = (
				1C60D3F82D9D76DD00450AA7 /* ResearchKitActiveTask.framework in Frameworks */,
				1C60D3862D9D644300450AA7 /* CareKitUI.framework in Frameworks */,
				1C60D3842D9D644300450AA7 /* CareKitStore.framework in Frameworks */,
				1C60D3F62D9D76DD00450AA7 /* ResearchKit.framework in Frameworks */,
				1C60D3802D9D644300450AA7 /* CareKit.framework in Frameworks */,
				1C60D3822D9D644300450AA7 /* CareKitFHIR.framework in Frameworks */,
				1C60D3FA2D9D76DD00450AA7 /* ResearchKitUI.framework in Frameworks */,
				F300CD790DE3C46806B47929 /* Pods_IDM_Research.framework in Frameworks */,
			);
			runOnlyForDeploymentPostprocessing = 0;
		};
/* End PBXFrameworksBuildPhase section */

/* Begin PBXGroup section */
		1C60D3412D9D627A00450AA7 = {
			isa = PBXGroup;
			children = (
				1C60D3892D9D655B00450AA7 /* ResearchKit.xcodeproj */,
				1C60D3762D9D638000450AA7 /* CareKitUI.xcodeproj */,
				1C60D36D2D9D636800450AA7 /* CareKitStore.xcodeproj */,
				1C60D3642D9D634F00450AA7 /* CareKitFHIR.xcodeproj */,
				1C60D35B2D9D633C00450AA7 /* CareKit.xcodeproj */,
				1C60D34C2D9D627A00450AA7 /* IDM Research */,
				1C60D37F2D9D644300450AA7 /* Frameworks */,
				1C60D34B2D9D627A00450AA7 /* Products */,
				4BC0930CA75055A334B6DC5C /* Pods */,
			);
			sourceTree = "<group>";
		};
		1C60D34B2D9D627A00450AA7 /* Products */ = {
			isa = PBXGroup;
			children = (
				1C60D34A2D9D627A00450AA7 /* IDM Research.app */,
			);
			name = Products;
			sourceTree = "<group>";
		};
		1C60D35C2D9D633C00450AA7 /* Products */ = {
			isa = PBXGroup;
			children = (
				1C60D3612D9D633C00450AA7 /* CareKit.framework */,
			);
			name = Products;
			sourceTree = "<group>";
		};
		1C60D3652D9D634F00450AA7 /* Products */ = {
			isa = PBXGroup;
			children = (
				1C60D36A2D9D635000450AA7 /* CareKitFHIR.framework */,
			);
			name = Products;
			sourceTree = "<group>";
		};
		1C60D36E2D9D636800450AA7 /* Products */ = {
			isa = PBXGroup;
			children = (
				1C60D3732D9D636800450AA7 /* CareKitStore.framework */,
			);
			name = Products;
			sourceTree = "<group>";
		};
		1C60D3772D9D638000450AA7 /* Products */ = {
			isa = PBXGroup;
			children = (
				1C60D37C2D9D638000450AA7 /* CareKitUI.framework */,
			);
			name = Products;
			sourceTree = "<group>";
		};
		1C60D37F2D9D644300450AA7 /* Frameworks */ = {
			isa = PBXGroup;
			children = (
				262C6B0E21C11A5D90377184 /* Pods_IDM_Research.framework */,
			);
			name = Frameworks;
			sourceTree = "<group>";
		};
		1C60D38A2D9D655B00450AA7 /* Products */ = {
			isa = PBXGroup;
			children = (
				1C60D3EB2D9D6B0800450AA7 /* ResearchKit.framework */,
				1C60D3EF2D9D6B0800450AA7 /* ResearchKitUI.framework */,
				1C60D3F12D9D6B0800450AA7 /* ResearchKitActiveTask.framework */,
			);
			name = Products;
			sourceTree = "<group>";
		};
		4BC0930CA75055A334B6DC5C /* Pods */ = {
			isa = PBXGroup;
			children = (
				C7035C01C992CECF2FAF23F9 /* Pods-IDM Research.debug.xcconfig */,
				269423D3CD1A7B06E8861308 /* Pods-IDM Research.release.xcconfig */,
			);
			path = Pods;
			sourceTree = "<group>";
		};
/* End PBXGroup section */

/* Begin PBXNativeTarget section */
		1C60D3492D9D627A00450AA7 /* IDM Research */ = {
			isa = PBXNativeTarget;
			buildConfigurationList = 1C60D3582D9D627C00450AA7 /* Build configuration list for PBXNativeTarget "IDM Research" */;
			buildPhases = (
				E6F45ECC730DA5295164058A /* [CP] Check Pods Manifest.lock */,
				1C60D3462D9D627A00450AA7 /* Sources */,
				1C60D3472D9D627A00450AA7 /* Frameworks */,
				1C60D3482D9D627A00450AA7 /* Resources */,
				1C60D3882D9D644300450AA7 /* Embed Frameworks */,
			);
			buildRules = (
			);
			dependencies = (
			);
			fileSystemSynchronizedGroups = (
				1C60D34C2D9D627A00450AA7 /* IDM Research */,
			);
			name = "IDM Research";
			productName = "IDM Research";
			productReference = 1C60D34A2D9D627A00450AA7 /* IDM Research.app */;
			productType = "com.apple.product-type.application";
		};
/* End PBXNativeTarget section */

/* Begin PBXProject section */
		1C60D3422D9D627A00450AA7 /* Project object */ = {
			isa = PBXProject;
			attributes = {
				BuildIndependentTargetsInParallel = 1;
				LastSwiftUpdateCheck = 1610;
				LastUpgradeCheck = 1610;
				TargetAttributes = {
					1C60D3492D9D627A00450AA7 = {
						CreatedOnToolsVersion = 16.1;
					};
				};
			};
			buildConfigurationList = 1C60D3452D9D627A00450AA7 /* Build configuration list for PBXProject "IDM Research" */;
			developmentRegion = en;
			hasScannedForEncodings = 0;
			knownRegions = (
				en,
				Base,
			);
			mainGroup = 1C60D3412D9D627A00450AA7;
			minimizedProjectReferenceProxies = 1;
			preferredProjectObjectVersion = 77;
			productRefGroup = 1C60D34B2D9D627A00450AA7 /* Products */;
			projectDirPath = "";
			projectReferences = (
				{
					ProductGroup = 1C60D35C2D9D633C00450AA7 /* Products */;
					ProjectRef = 1C60D35B2D9D633C00450AA7 /* CareKit.xcodeproj */;
				},
				{
					ProductGroup = 1C60D3652D9D634F00450AA7 /* Products */;
					ProjectRef = 1C60D3642D9D634F00450AA7 /* CareKitFHIR.xcodeproj */;
				},
				{
					ProductGroup = 1C60D36E2D9D636800450AA7 /* Products */;
					ProjectRef = 1C60D36D2D9D636800450AA7 /* CareKitStore.xcodeproj */;
				},
				{
					ProductGroup = 1C60D3772D9D638000450AA7 /* Products */;
					ProjectRef = 1C60D3762D9D638000450AA7 /* CareKitUI.xcodeproj */;
				},
				{
					ProductGroup = 1C60D38A2D9D655B00450AA7 /* Products */;
					ProjectRef = 1C60D3892D9D655B00450AA7 /* ResearchKit.xcodeproj */;
				},
			);
			projectRoot = "";
			targets = (
				1C60D3492D9D627A00450AA7 /* IDM Research */,
			);
		};
/* End PBXProject section */

/* Begin PBXReferenceProxy section */
		1C60D3612D9D633C00450AA7 /* CareKit.framework */ = {
			isa = PBXReferenceProxy;
			fileType = wrapper.framework;
			path = CareKit.framework;
			remoteRef = 1C60D3602D9D633C00450AA7 /* PBXContainerItemProxy */;
			sourceTree = BUILT_PRODUCTS_DIR;
		};
		1C60D36A2D9D635000450AA7 /* CareKitFHIR.framework */ = {
			isa = PBXReferenceProxy;
			fileType = wrapper.framework;
			path = CareKitFHIR.framework;
			remoteRef = 1C60D3692D9D635000450AA7 /* PBXContainerItemProxy */;
			sourceTree = BUILT_PRODUCTS_DIR;
		};
		1C60D3732D9D636800450AA7 /* CareKitStore.framework */ = {
			isa = PBXReferenceProxy;
			fileType = wrapper.framework;
			path = CareKitStore.framework;
			remoteRef = 1C60D3722D9D636800450AA7 /* PBXContainerItemProxy */;
			sourceTree = BUILT_PRODUCTS_DIR;
		};
		1C60D37C2D9D638000450AA7 /* CareKitUI.framework */ = {
			isa = PBXReferenceProxy;
			fileType = wrapper.framework;
			path = CareKitUI.framework;
			remoteRef = 1C60D37B2D9D638000450AA7 /* PBXContainerItemProxy */;
			sourceTree = BUILT_PRODUCTS_DIR;
		};
		1C60D3EB2D9D6B0800450AA7 /* ResearchKit.framework */ = {
			isa = PBXReferenceProxy;
			fileType = wrapper.framework;
			path = ResearchKit.framework;
			remoteRef = 1C60D3EA2D9D6B0800450AA7 /* PBXContainerItemProxy */;
			sourceTree = BUILT_PRODUCTS_DIR;
		};
		1C60D3EF2D9D6B0800450AA7 /* ResearchKitUI.framework */ = {
			isa = PBXReferenceProxy;
			fileType = wrapper.framework;
			path = ResearchKitUI.framework;
			remoteRef = 1C60D3EE2D9D6B0800450AA7 /* PBXContainerItemProxy */;
			sourceTree = BUILT_PRODUCTS_DIR;
		};
		1C60D3F12D9D6B0800450AA7 /* ResearchKitActiveTask.framework */ = {
			isa = PBXReferenceProxy;
			fileType = wrapper.framework;
			path = ResearchKitActiveTask.framework;
			remoteRef = 1C60D3F02D9D6B0800450AA7 /* PBXContainerItemProxy */;
			sourceTree = BUILT_PRODUCTS_DIR;
		};
/* End PBXReferenceProxy section */

/* Begin PBXResourcesBuildPhase section */
		1C60D3482D9D627A00450AA7 /* Resources */ = {
			isa = PBXResourcesBuildPhase;
			buildActionMask = 2147483647;
			files = (
			);
			runOnlyForDeploymentPostprocessing = 0;
		};
/* End PBXResourcesBuildPhase section */

/* Begin PBXShellScriptBuildPhase section */
		E6F45ECC730DA5295164058A /* [CP] Check Pods Manifest.lock */ = {
			isa = PBXShellScriptBuildPhase;
			buildActionMask = 2147483647;
			files = (
			);
			inputFileListPaths = (
			);
			inputPaths = (
				"${PODS_PODFILE_DIR_PATH}/Podfile.lock",
				"${PODS_ROOT}/Manifest.lock",
			);
			name = "[CP] Check Pods Manifest.lock";
			outputFileListPaths = (
			);
			outputPaths = (
				"$(DERIVED_FILE_DIR)/Pods-IDM Research-checkManifestLockResult.txt",
			);
			runOnlyForDeploymentPostprocessing = 0;
			shellPath = /bin/sh;
			shellScript = "diff \"${PODS_PODFILE_DIR_PATH}/Podfile.lock\" \"${PODS_ROOT}/Manifest.lock\" > /dev/null\nif [ $? != 0 ] ; then\n    # print error to STDERR\n    echo \"error: The sandbox is not in sync with the Podfile.lock. Run 'pod install' or update your CocoaPods installation.\" >&2\n    exit 1\nfi\n# This output is used by Xcode 'outputs' to avoid re-running this script phase.\necho \"SUCCESS\" > \"${SCRIPT_OUTPUT_FILE_0}\"\n";
			showEnvVarsInLog = 0;
		};
/* End PBXShellScriptBuildPhase section */

/* Begin PBXSourcesBuildPhase section */
		1C60D3462D9D627A00450AA7 /* Sources */ = {
			isa = PBXSourcesBuildPhase;
			buildActionMask = 2147483647;
			files = (
			);
			runOnlyForDeploymentPostprocessing = 0;
		};
/* End PBXSourcesBuildPhase section */

/* Begin XCBuildConfiguration section */
		1C60D3562D9D627C00450AA7 /* Debug */ = {
			isa = XCBuildConfiguration;
			buildSettings = {
				ALWAYS_SEARCH_USER_PATHS = NO;
				ASSETCATALOG_COMPILER_GENERATE_SWIFT_ASSET_SYMBOL_EXTENSIONS = YES;
				CLANG_ANALYZER_NONNULL = YES;
				CLANG_ANALYZER_NUMBER_OBJECT_CONVERSION = YES_AGGRESSIVE;
				CLANG_CXX_LANGUAGE_STANDARD = "gnu++20";
				CLANG_ENABLE_MODULES = YES;
				CLANG_ENABLE_OBJC_ARC = YES;
				CLANG_ENABLE_OBJC_WEAK = YES;
				CLANG_WARN_BLOCK_CAPTURE_AUTORELEASING = YES;
				CLANG_WARN_BOOL_CONVERSION = YES;
				CLANG_WARN_COMMA = YES;
				CLANG_WARN_CONSTANT_CONVERSION = YES;
				CLANG_WARN_DEPRECATED_OBJC_IMPLEMENTATIONS = YES;
				CLANG_WARN_DIRECT_OBJC_ISA_USAGE = YES_ERROR;
				CLANG_WARN_DOCUMENTATION_COMMENTS = YES;
				CLANG_WARN_EMPTY_BODY = YES;
				CLANG_WARN_ENUM_CONVERSION = YES;
				CLANG_WARN_INFINITE_RECURSION = YES;
				CLANG_WARN_INT_CONVERSION = YES;
				CLANG_WARN_NON_LITERAL_NULL_CONVERSION = YES;
				CLANG_WARN_OBJC_IMPLICIT_RETAIN_SELF = YES;
				CLANG_WARN_OBJC_LITERAL_CONVERSION = YES;
				CLANG_WARN_OBJC_ROOT_CLASS = YES_ERROR;
				CLANG_WARN_QUOTED_INCLUDE_IN_FRAMEWORK_HEADER = YES;
				CLANG_WARN_RANGE_LOOP_ANALYSIS = YES;
				CLANG_WARN_STRICT_PROTOTYPES = YES;
				CLANG_WARN_SUSPICIOUS_MOVE = YES;
				CLANG_WARN_UNGUARDED_AVAILABILITY = YES_AGGRESSIVE;
				CLANG_WARN_UNREACHABLE_CODE = YES;
				CLANG_WARN__DUPLICATE_METHOD_MATCH = YES;
				COPY_PHASE_STRIP = NO;
				DEBUG_INFORMATION_FORMAT = dwarf;
				ENABLE_STRICT_OBJC_MSGSEND = YES;
				ENABLE_TESTABILITY = YES;
				ENABLE_USER_SCRIPT_SANDBOXING = YES;
				GCC_C_LANGUAGE_STANDARD = gnu17;
				GCC_DYNAMIC_NO_PIC = NO;
				GCC_NO_COMMON_BLOCKS = YES;
				GCC_OPTIMIZATION_LEVEL = 0;
				GCC_PREPROCESSOR_DEFINITIONS = (
					"DEBUG=1",
					"$(inherited)",
				);
				GCC_WARN_64_TO_32_BIT_CONVERSION = YES;
				GCC_WARN_ABOUT_RETURN_TYPE = YES_ERROR;
				GCC_WARN_UNDECLARED_SELECTOR = YES;
				GCC_WARN_UNINITIALIZED_AUTOS = YES_AGGRESSIVE;
				GCC_WARN_UNUSED_FUNCTION = YES;
				GCC_WARN_UNUSED_VARIABLE = YES;
				INFOPLIST_KEY_NSHealthClinicalHealthRecordsShareUsageDescription = "";
				IPHONEOS_DEPLOYMENT_TARGET = 18.1;
				LOCALIZATION_PREFERS_STRING_CATALOGS = YES;
				MTL_ENABLE_DEBUG_INFO = INCLUDE_SOURCE;
				MTL_FAST_MATH = YES;
				ONLY_ACTIVE_ARCH = YES;
				SDKROOT = iphoneos;
				SWIFT_ACTIVE_COMPILATION_CONDITIONS = "DEBUG $(inherited)";
				SWIFT_OPTIMIZATION_LEVEL = "-Onone";
			};
			name = Debug;
		};
		1C60D3572D9D627C00450AA7 /* Release */ = {
			isa = XCBuildConfiguration;
			buildSettings = {
				ALWAYS_SEARCH_USER_PATHS = NO;
				ASSETCATALOG_COMPILER_GENERATE_SWIFT_ASSET_SYMBOL_EXTENSIONS = YES;
				CLANG_ANALYZER_NONNULL = YES;
				CLANG_ANALYZER_NUMBER_OBJECT_CONVERSION = YES_AGGRESSIVE;
				CLANG_CXX_LANGUAGE_STANDARD = "gnu++20";
				CLANG_ENABLE_MODULES = YES;
				CLANG_ENABLE_OBJC_ARC = YES;
				CLANG_ENABLE_OBJC_WEAK = YES;
				CLANG_WARN_BLOCK_CAPTURE_AUTORELEASING = YES;
				CLANG_WARN_BOOL_CONVERSION = YES;
				CLANG_WARN_COMMA = YES;
				CLANG_WARN_CONSTANT_CONVERSION = YES;
				CLANG_WARN_DEPRECATED_OBJC_IMPLEMENTATIONS = YES;
				CLANG_WARN_DIRECT_OBJC_ISA_USAGE = YES_ERROR;
				CLANG_WARN_DOCUMENTATION_COMMENTS = YES;
				CLANG_WARN_EMPTY_BODY = YES;
				CLANG_WARN_ENUM_CONVERSION = YES;
				CLANG_WARN_INFINITE_RECURSION = YES;
				CLANG_WARN_INT_CONVERSION = YES;
				CLANG_WARN_NON_LITERAL_NULL_CONVERSION = YES;
				CLANG_WARN_OBJC_IMPLICIT_RETAIN_SELF = YES;
				CLANG_WARN_OBJC_LITERAL_CONVERSION = YES;
				CLANG_WARN_OBJC_ROOT_CLASS = YES_ERROR;
				CLANG_WARN_QUOTED_INCLUDE_IN_FRAMEWORK_HEADER = YES;
				CLANG_WARN_RANGE_LOOP_ANALYSIS = YES;
				CLANG_WARN_STRICT_PROTOTYPES = YES;
				CLANG_WARN_SUSPICIOUS_MOVE = YES;
				CLANG_WARN_UNGUARDED_AVAILABILITY = YES_AGGRESSIVE;
				CLANG_WARN_UNREACHABLE_CODE = YES;
				CLANG_WARN__DUPLICATE_METHOD_MATCH = YES;
				COPY_PHASE_STRIP = NO;
				DEBUG_INFORMATION_FORMAT = "dwarf-with-dsym";
				ENABLE_NS_ASSERTIONS = NO;
				ENABLE_STRICT_OBJC_MSGSEND = YES;
				ENABLE_USER_SCRIPT_SANDBOXING = YES;
				GCC_C_LANGUAGE_STANDARD = gnu17;
				GCC_NO_COMMON_BLOCKS = YES;
				GCC_WARN_64_TO_32_BIT_CONVERSION = YES;
				GCC_WARN_ABOUT_RETURN_TYPE = YES_ERROR;
				GCC_WARN_UNDECLARED_SELECTOR = YES;
				GCC_WARN_UNINITIALIZED_AUTOS = YES_AGGRESSIVE;
				GCC_WARN_UNUSED_FUNCTION = YES;
				GCC_WARN_UNUSED_VARIABLE = YES;
				INFOPLIST_KEY_NSHealthClinicalHealthRecordsShareUsageDescription = "";
				IPHONEOS_DEPLOYMENT_TARGET = 18.1;
				LOCALIZATION_PREFERS_STRING_CATALOGS = YES;
				MTL_ENABLE_DEBUG_INFO = NO;
				MTL_FAST_MATH = YES;
				SDKROOT = iphoneos;
				SWIFT_COMPILATION_MODE = wholemodule;
				VALIDATE_PRODUCT = YES;
			};
			name = Release;
		};
		1C60D3592D9D627C00450AA7 /* Debug */ = {
			isa = XCBuildConfiguration;
			baseConfigurationReference = C7035C01C992CECF2FAF23F9 /* Pods-IDM Research.debug.xcconfig */;
			buildSettings = {
				ASSETCATALOG_COMPILER_APPICON_NAME = AppIcon;
				ASSETCATALOG_COMPILER_GLOBAL_ACCENT_COLOR_NAME = AccentColor;
				CODE_SIGN_ENTITLEMENTS = "IDM Research/IDM Research.entitlements";
				CODE_SIGN_STYLE = Automatic;
				CURRENT_PROJECT_VERSION = 1;
				DEVELOPMENT_ASSET_PATHS = "\"IDM Research/Preview Content\"";
				DEVELOPMENT_TEAM = P6RD9VN837;
				ENABLE_PREVIEWS = YES;
				GENERATE_INFOPLIST_FILE = YES;
				INFOPLIST_KEY_NSHealthClinicalHealthRecordsShareUsageDescription = "This app uses your Health data as part of our research study.";
				INFOPLIST_KEY_NSHealthShareUsageDescription = "This app requires access to Health data to contribute to our research study.";
				INFOPLIST_KEY_NSHealthUpdateUsageDescription = "This app updates your Health data as part of our research study.";
				INFOPLIST_KEY_NSMotionUsageDescription = "This app needs access to motion sensors";
				INFOPLIST_KEY_UIApplicationSceneManifest_Generation = YES;
				INFOPLIST_KEY_UIApplicationSupportsIndirectInputEvents = YES;
				INFOPLIST_KEY_UILaunchScreen_Generation = YES;
				INFOPLIST_KEY_UISupportedInterfaceOrientations_iPad = "UIInterfaceOrientationPortrait UIInterfaceOrientationPortraitUpsideDown UIInterfaceOrientationLandscapeLeft UIInterfaceOrientationLandscapeRight";
				INFOPLIST_KEY_UISupportedInterfaceOrientations_iPhone = "UIInterfaceOrientationPortrait UIInterfaceOrientationLandscapeLeft UIInterfaceOrientationLandscapeRight";
				LD_RUNPATH_SEARCH_PATHS = (
					"$(inherited)",
					"@executable_path/Frameworks",
				);
				MARKETING_VERSION = 1.0;
				PRODUCT_BUNDLE_IDENTIFIER = "com.ukgm.IDM-Research";
				PRODUCT_NAME = "$(TARGET_NAME)";
				SWIFT_EMIT_LOC_STRINGS = YES;
				SWIFT_VERSION = 5.0;
				TARGETED_DEVICE_FAMILY = "1,2";
			};
			name = Debug;
		};
		1C60D35A2D9D627C00450AA7 /* Release */ = {
			isa = XCBuildConfiguration;
			baseConfigurationReference = 269423D3CD1A7B06E8861308 /* Pods-IDM Research.release.xcconfig */;
			buildSettings = {
				ASSETCATALOG_COMPILER_APPICON_NAME = AppIcon;
				ASSETCATALOG_COMPILER_GLOBAL_ACCENT_COLOR_NAME = AccentColor;
				CODE_SIGN_ENTITLEMENTS = "IDM Research/IDM Research.entitlements";
				CODE_SIGN_STYLE = Automatic;
				CURRENT_PROJECT_VERSION = 1;
				DEVELOPMENT_ASSET_PATHS = "\"IDM Research/Preview Content\"";
				DEVELOPMENT_TEAM = P6RD9VN837;
				ENABLE_PREVIEWS = YES;
				GENERATE_INFOPLIST_FILE = YES;
				INFOPLIST_KEY_NSHealthClinicalHealthRecordsShareUsageDescription = "This app uses your Health data as part of our research study.";
				INFOPLIST_KEY_NSHealthShareUsageDescription = "This app requires access to Health data to contribute to our research study.";
				INFOPLIST_KEY_NSHealthUpdateUsageDescription = "This app updates your Health data as part of our research study.";
				INFOPLIST_KEY_NSMotionUsageDescription = "This app needs access to motion sensors";
				INFOPLIST_KEY_UIApplicationSceneManifest_Generation = YES;
				INFOPLIST_KEY_UIApplicationSupportsIndirectInputEvents = YES;
				INFOPLIST_KEY_UILaunchScreen_Generation = YES;
				INFOPLIST_KEY_UISupportedInterfaceOrientations_iPad = "UIInterfaceOrientationPortrait UIInterfaceOrientationPortraitUpsideDown UIInterfaceOrientationLandscapeLeft UIInterfaceOrientationLandscapeRight";
				INFOPLIST_KEY_UISupportedInterfaceOrientations_iPhone = "UIInterfaceOrientationPortrait UIInterfaceOrientationLandscapeLeft UIInterfaceOrientationLandscapeRight";
				LD_RUNPATH_SEARCH_PATHS = (
					"$(inherited)",
					"@executable_path/Frameworks",
				);
				MARKETING_VERSION = 1.0;
				PRODUCT_BUNDLE_IDENTIFIER = "com.ukgm.IDM-Research";
				PRODUCT_NAME = "$(TARGET_NAME)";
				SWIFT_EMIT_LOC_STRINGS = YES;
				SWIFT_VERSION = 5.0;
				TARGETED_DEVICE_FAMILY = "1,2";
			};
			name = Release;
		};
/* End XCBuildConfiguration section */

/* Begin XCConfigurationList section */
		1C60D3452D9D627A00450AA7 /* Build configuration list for PBXProject "IDM Research" */ = {
			isa = XCConfigurationList;
			buildConfigurations = (
				1C60D3562D9D627C00450AA7 /* Debug */,
				1C60D3572D9D627C00450AA7 /* Release */,
			);
			defaultConfigurationIsVisible = 0;
			defaultConfigurationName = Release;
		};
		1C60D3582D9D627C00450AA7 /* Build configuration list for PBXNativeTarget "IDM Research" */ = {
			isa = XCConfigurationList;
			buildConfigurations = (
				1C60D3592D9D627C00450AA7 /* Debug */,
				1C60D35A2D9D627C00450AA7 /* Release */,
			);
			defaultConfigurationIsVisible = 0;
			defaultConfigurationName = Release;
		};
/* End XCConfigurationList section */
	};
	rootObject = 1C60D3422D9D627A00450AA7 /* Project object */;
}
